// !$*UTF8*$!
{
	archiveVersion = 1;
	classes = {
	};
	objectVersion = 56;
	objects = {

/* Begin PBXBuildFile section */
		964D45AF29A7933B003D1A66 /* memoApp.swift in Sources */ = {isa = PBXBuildFile; fileRef = 964D45AE29A7933B003D1A66 /* memoApp.swift */; };
		964D45B129A7933B003D1A66 /* ContentView.swift in Sources */ = {isa = PBXBuildFile; fileRef = 964D45B029A7933B003D1A66 /* ContentView.swift */; };
		964D45B329A7933D003D1A66 /* Assets.xcassets in Resources */ = {isa = PBXBuildFile; fileRef = 964D45B229A7933D003D1A66 /* Assets.xcassets */; };
		964D45B629A7933D003D1A66 /* Preview Assets.xcassets in Resources */ = {isa = PBXBuildFile; fileRef = 964D45B529A7933D003D1A66 /* Preview Assets.xcassets */; };
		964D45C029A79927003D1A66 /* FirebaseFirestore in Frameworks */ = {isa = PBXBuildFile; productRef = 964D45BF29A79927003D1A66 /* FirebaseFirestore */; };
		964D45C229A79927003D1A66 /* FirebaseFirestoreSwift in Frameworks */ = {isa = PBXBuildFile; productRef = 964D45C129A79927003D1A66 /* FirebaseFirestoreSwift */; };
		96758EC729AC4713008BA7CC /* GoogleService-Info.plist in Resources */ = {isa = PBXBuildFile; fileRef = 96758EC629AC4713008BA7CC /* GoogleService-Info.plist */; };
		9681D4D029AC3B6D00459AA7 /* ToDoFormView.swift in Sources */ = {isa = PBXBuildFile; fileRef = 9681D4CF29AC3B6D00459AA7 /* ToDoFormView.swift */; };
		9681D4D229AC3B8700459AA7 /* ToDoBubble.swift in Sources */ = {isa = PBXBuildFile; fileRef = 9681D4D129AC3B8700459AA7 /* ToDoBubble.swift */; };
		9681D4D429AC3B9700459AA7 /* DataStore.swift in Sources */ = {isa = PBXBuildFile; fileRef = 9681D4D329AC3B9700459AA7 /* DataStore.swift */; };
		9681D4D629AC3BA300459AA7 /* ToDo.swift in Sources */ = {isa = PBXBuildFile; fileRef = 9681D4D529AC3BA300459AA7 /* ToDo.swift */; };
		9681D4D829AC3BB500459AA7 /* ModelType.swift in Sources */ = {isa = PBXBuildFile; fileRef = 9681D4D729AC3BB500459AA7 /* ModelType.swift */; };
		9681D4DB29AC3BD400459AA7 /* ToDoFormViewModel.swift in Sources */ = {isa = PBXBuildFile; fileRef = 9681D4DA29AC3BD400459AA7 /* ToDoFormViewModel.swift */; };
/* End PBXBuildFile section */

/* Begin PBXFileReference section */
		964D45AB29A7933B003D1A66 /* memo.app */ = {isa = PBXFileReference; explicitFileType = wrapper.application; includeInIndex = 0; path = memo.app; sourceTree = BUILT_PRODUCTS_DIR; };
		964D45AE29A7933B003D1A66 /* memoApp.swift */ = {isa = PBXFileReference; lastKnownFileType = sourcecode.swift; path = memoApp.swift; sourceTree = "<group>"; };
		964D45B029A7933B003D1A66 /* ContentView.swift */ = {isa = PBXFileReference; lastKnownFileType = sourcecode.swift; path = ContentView.swift; sourceTree = "<group>"; };
		964D45B229A7933D003D1A66 /* Assets.xcassets */ = {isa = PBXFileReference; lastKnownFileType = folder.assetcatalog; path = Assets.xcassets; sourceTree = "<group>"; };
		964D45B529A7933D003D1A66 /* Preview Assets.xcassets */ = {isa = PBXFileReference; lastKnownFileType = folder.assetcatalog; path = "Preview Assets.xcassets"; sourceTree = "<group>"; };
		96758EC629AC4713008BA7CC /* GoogleService-Info.plist */ = {isa = PBXFileReference; fileEncoding = 4; lastKnownFileType = text.plist.xml; path = "GoogleService-Info.plist"; sourceTree = "<group>"; };
		9681D4CF29AC3B6D00459AA7 /* ToDoFormView.swift */ = {isa = PBXFileReference; lastKnownFileType = sourcecode.swift; path = ToDoFormView.swift; sourceTree = "<group>"; };
		9681D4D129AC3B8700459AA7 /* ToDoBubble.swift */ = {isa = PBXFileReference; lastKnownFileType = sourcecode.swift; path = ToDoBubble.swift; sourceTree = "<group>"; };
		9681D4D329AC3B9700459AA7 /* DataStore.swift */ = {isa = PBXFileReference; lastKnownFileType = sourcecode.swift; path = DataStore.swift; sourceTree = "<group>"; };
		9681D4D529AC3BA300459AA7 /* ToDo.swift */ = {isa = PBXFileReference; lastKnownFileType = sourcecode.swift; path = ToDo.swift; sourceTree = "<group>"; };
		9681D4D729AC3BB500459AA7 /* ModelType.swift */ = {isa = PBXFileReference; lastKnownFileType = sourcecode.swift; path = ModelType.swift; sourceTree = "<group>"; };
		9681D4DA29AC3BD400459AA7 /* ToDoFormViewModel.swift */ = {isa = PBXFileReference; lastKnownFileType = sourcecode.swift; path = ToDoFormViewModel.swift; sourceTree = "<group>"; };
/* End PBXFileReference section */

/* Begin PBXFrameworksBuildPhase section */
		964D45A829A7933B003D1A66 /* Frameworks */ = {
			isa = PBXFrameworksBuildPhase;
			buildActionMask = 2147483647;
			files = (
				964D45C029A79927003D1A66 /* FirebaseFirestore in Frameworks */,
				964D45C229A79927003D1A66 /* FirebaseFirestoreSwift in Frameworks */,
			);
			runOnlyForDeploymentPostprocessing = 0;
		};
/* End PBXFrameworksBuildPhase section */

/* Begin PBXGroup section */
		964D45A229A7933B003D1A66 = {
			isa = PBXGroup;
			children = (
				964D45AD29A7933B003D1A66 /* memo */,
				964D45AC29A7933B003D1A66 /* Products */,
			);
			sourceTree = "<group>";
		};
		964D45AC29A7933B003D1A66 /* Products */ = {
			isa = PBXGroup;
			children = (
				964D45AB29A7933B003D1A66 /* memo.app */,
			);
			name = Products;
			sourceTree = "<group>";
		};
		964D45AD29A7933B003D1A66 /* memo */ = {
			isa = PBXGroup;
			children = (
				96758EC629AC4713008BA7CC /* GoogleService-Info.plist */,
				9681D4D929AC3BC600459AA7 /* ViewModels */,
				968AC65E29A863F700B52EB5 /* Models */,
				968AC63C29A85D1400B52EB5 /* Views */,
				964D45C929A7A1EC003D1A66 /* Componets */,
				964D45AE29A7933B003D1A66 /* memoApp.swift */,
				964D45B229A7933D003D1A66 /* Assets.xcassets */,
				964D45B429A7933D003D1A66 /* Preview Content */,
			);
			path = memo;
			sourceTree = "<group>";
		};
		964D45B429A7933D003D1A66 /* Preview Content */ = {
			isa = PBXGroup;
			children = (
				964D45B529A7933D003D1A66 /* Preview Assets.xcassets */,
			);
			path = "Preview Content";
			sourceTree = "<group>";
		};
		964D45C929A7A1EC003D1A66 /* Componets */ = {
			isa = PBXGroup;
			children = (
				9681D4D129AC3B8700459AA7 /* ToDoBubble.swift */,
			);
			path = Componets;
			sourceTree = "<group>";
		};
		9681D4D929AC3BC600459AA7 /* ViewModels */ = {
			isa = PBXGroup;
			children = (
				9681D4DA29AC3BD400459AA7 /* ToDoFormViewModel.swift */,
				9681D4D329AC3B9700459AA7 /* DataStore.swift */,
			);
			path = ViewModels;
			sourceTree = "<group>";
		};
		968AC63C29A85D1400B52EB5 /* Views */ = {
			isa = PBXGroup;
			children = (
				964D45B029A7933B003D1A66 /* ContentView.swift */,
				9681D4CF29AC3B6D00459AA7 /* ToDoFormView.swift */,
			);
			path = Views;
			sourceTree = "<group>";
		};
		968AC65E29A863F700B52EB5 /* Models */ = {
			isa = PBXGroup;
			children = (
				9681D4D529AC3BA300459AA7 /* ToDo.swift */,
				9681D4D729AC3BB500459AA7 /* ModelType.swift */,
			);
			path = Models;
			sourceTree = "<group>";
		};
/* End PBXGroup section */

/* Begin PBXNativeTarget section */
		964D45AA29A7933B003D1A66 /* memo */ = {
			isa = PBXNativeTarget;
			buildConfigurationList = 964D45B929A7933D003D1A66 /* Build configuration list for PBXNativeTarget "memo" */;
			buildPhases = (
				964D45A729A7933B003D1A66 /* Sources */,
				964D45A829A7933B003D1A66 /* Frameworks */,
				964D45A929A7933B003D1A66 /* Resources */,
			);
			buildRules = (
			);
			dependencies = (
			);
			name = memo;
			packageProductDependencies = (
				964D45BF29A79927003D1A66 /* FirebaseFirestore */,
				964D45C129A79927003D1A66 /* FirebaseFirestoreSwift */,
			);
			productName = momo;
			productReference = 964D45AB29A7933B003D1A66 /* memo.app */;
			productType = "com.apple.product-type.application";
		};
/* End PBXNativeTarget section */

/* Begin PBXProject section */
		964D45A329A7933B003D1A66 /* Project object */ = {
			isa = PBXProject;
			attributes = {
				BuildIndependentTargetsInParallel = 1;
				LastSwiftUpdateCheck = 1420;
				LastUpgradeCheck = 1420;
				TargetAttributes = {
					964D45AA29A7933B003D1A66 = {
						CreatedOnToolsVersion = 14.2;
					};
				};
			};
			buildConfigurationList = 964D45A629A7933B003D1A66 /* Build configuration list for PBXProject "memo" */;
			compatibilityVersion = "Xcode 14.0";
			developmentRegion = en;
			hasScannedForEncodings = 0;
			knownRegions = (
				en,
				Base,
			);
			mainGroup = 964D45A229A7933B003D1A66;
			packageReferences = (
				964D45BE29A79927003D1A66 /* XCRemoteSwiftPackageReference "firebase-ios-sdk" */,
			);
			productRefGroup = 964D45AC29A7933B003D1A66 /* Products */;
			projectDirPath = "";
			projectRoot = "";
			targets = (
				964D45AA29A7933B003D1A66 /* memo */,
			);
		};
/* End PBXProject section */

/* Begin PBXResourcesBuildPhase section */
		964D45A929A7933B003D1A66 /* Resources */ = {
			isa = PBXResourcesBuildPhase;
			buildActionMask = 2147483647;
			files = (
				964D45B629A7933D003D1A66 /* Preview Assets.xcassets in Resources */,
				964D45B329A7933D003D1A66 /* Assets.xcassets in Resources */,
				96758EC729AC4713008BA7CC /* GoogleService-Info.plist in Resources */,
			);
			runOnlyForDeploymentPostprocessing = 0;
		};
/* End PBXResourcesBuildPhase section */

/* Begin PBXSourcesBuildPhase section */
		964D45A729A7933B003D1A66 /* Sources */ = {
			isa = PBXSourcesBuildPhase;
			buildActionMask = 2147483647;
			files = (
				9681D4D829AC3BB500459AA7 /* ModelType.swift in Sources */,
				9681D4D029AC3B6D00459AA7 /* ToDoFormView.swift in Sources */,
				9681D4D429AC3B9700459AA7 /* DataStore.swift in Sources */,
				9681D4DB29AC3BD400459AA7 /* ToDoFormViewModel.swift in Sources */,
				9681D4D229AC3B8700459AA7 /* ToDoBubble.swift in Sources */,
				9681D4D629AC3BA300459AA7 /* ToDo.swift in Sources */,
				964D45B129A7933B003D1A66 /* ContentView.swift in Sources */,
				964D45AF29A7933B003D1A66 /* memoApp.swift in Sources */,
			);
			runOnlyForDeploymentPostprocessing = 0;
		};
/* End PBXSourcesBuildPhase section */

/* Begin XCBuildConfiguration section */
		964D45B729A7933D003D1A66 /* Debug */ = {
			isa = XCBuildConfiguration;
			buildSettings = {
				ALWAYS_SEARCH_USER_PATHS = NO;
				CLANG_ANALYZER_NONNULL = YES;
				CLANG_ANALYZER_NUMBER_OBJECT_CONVERSION = YES_AGGRESSIVE;
				CLANG_CXX_LANGUAGE_STANDARD = "gnu++20";
				CLANG_ENABLE_MODULES = YES;
				CLANG_ENABLE_OBJC_ARC = YES;
				CLANG_ENABLE_OBJC_WEAK = YES;
				CLANG_WARN_BLOCK_CAPTURE_AUTORELEASING = YES;
				CLANG_WARN_BOOL_CONVERSION = YES;
				CLANG_WARN_COMMA = YES;
				CLANG_WARN_CONSTANT_CONVERSION = YES;
				CLANG_WARN_DEPRECATED_OBJC_IMPLEMENTATIONS = YES;
				CLANG_WARN_DIRECT_OBJC_ISA_USAGE = YES_ERROR;
				CLANG_WARN_DOCUMENTATION_COMMENTS = YES;
				CLANG_WARN_EMPTY_BODY = YES;
				CLANG_WARN_ENUM_CONVERSION = YES;
				CLANG_WARN_INFINITE_RECURSION = YES;
				CLANG_WARN_INT_CONVERSION = YES;
				CLANG_WARN_NON_LITERAL_NULL_CONVERSION = YES;
				CLANG_WARN_OBJC_IMPLICIT_RETAIN_SELF = YES;
				CLANG_WARN_OBJC_LITERAL_CONVERSION = YES;
				CLANG_WARN_OBJC_ROOT_CLASS = YES_ERROR;
				CLANG_WARN_QUOTED_INCLUDE_IN_FRAMEWORK_HEADER = YES;
				CLANG_WARN_RANGE_LOOP_ANALYSIS = YES;
				CLANG_WARN_STRICT_PROTOTYPES = YES;
				CLANG_WARN_SUSPICIOUS_MOVE = YES;
				CLANG_WARN_UNGUARDED_AVAILABILITY = YES_AGGRESSIVE;
				CLANG_WARN_UNREACHABLE_CODE = YES;
				CLANG_WARN__DUPLICATE_METHOD_MATCH = YES;
				COPY_PHASE_STRIP = NO;
				DEBUG_INFORMATION_FORMAT = dwarf;
				ENABLE_STRICT_OBJC_MSGSEND = YES;
				ENABLE_TESTABILITY = YES;
				GCC_C_LANGUAGE_STANDARD = gnu11;
				GCC_DYNAMIC_NO_PIC = NO;
				GCC_NO_COMMON_BLOCKS = YES;
				GCC_OPTIMIZATION_LEVEL = 0;
				GCC_PREPROCESSOR_DEFINITIONS = (
					"DEBUG=1",
					"$(inherited)",
				);
				GCC_WARN_64_TO_32_BIT_CONVERSION = YES;
				GCC_WARN_ABOUT_RETURN_TYPE = YES_ERROR;
				GCC_WARN_UNDECLARED_SELECTOR = YES;
				GCC_WARN_UNINITIALIZED_AUTOS = YES_AGGRESSIVE;
				GCC_WARN_UNUSED_FUNCTION = YES;
				GCC_WARN_UNUSED_VARIABLE = YES;
				IPHONEOS_DEPLOYMENT_TARGET = 15.0;
				MTL_ENABLE_DEBUG_INFO = INCLUDE_SOURCE;
				MTL_FAST_MATH = YES;
				ONLY_ACTIVE_ARCH = YES;
				SDKROOT = iphoneos;
				SWIFT_ACTIVE_COMPILATION_CONDITIONS = DEBUG;
				SWIFT_OPTIMIZATION_LEVEL = "-Onone";
			};
			name = Debug;
		};
		964D45B829A7933D003D1A66 /* Release */ = {
			isa = XCBuildConfiguration;
			buildSettings = {
				ALWAYS_SEARCH_USER_PATHS = NO;
				CLANG_ANALYZER_NONNULL = YES;
				CLANG_ANALYZER_NUMBER_OBJECT_CONVERSION = YES_AGGRESSIVE;
				CLANG_CXX_LANGUAGE_STANDARD = "gnu++20";
				CLANG_ENABLE_MODULES = YES;
				CLANG_ENABLE_OBJC_ARC = YES;
				CLANG_ENABLE_OBJC_WEAK = YES;
				CLANG_WARN_BLOCK_CAPTURE_AUTORELEASING = YES;
				CLANG_WARN_BOOL_CONVERSION = YES;
				CLANG_WARN_COMMA = YES;
				CLANG_WARN_CONSTANT_CONVERSION = YES;
				CLANG_WARN_DEPRECATED_OBJC_IMPLEMENTATIONS = YES;
				CLANG_WARN_DIRECT_OBJC_ISA_USAGE = YES_ERROR;
				CLANG_WARN_DOCUMENTATION_COMMENTS = YES;
				CLANG_WARN_EMPTY_BODY = YES;
				CLANG_WARN_ENUM_CONVERSION = YES;
				CLANG_WARN_INFINITE_RECURSION = YES;
				CLANG_WARN_INT_CONVERSION = YES;
				CLANG_WARN_NON_LITERAL_NULL_CONVERSION = YES;
				CLANG_WARN_OBJC_IMPLICIT_RETAIN_SELF = YES;
				CLANG_WARN_OBJC_LITERAL_CONVERSION = YES;
				CLANG_WARN_OBJC_ROOT_CLASS = YES_ERROR;
				CLANG_WARN_QUOTED_INCLUDE_IN_FRAMEWORK_HEADER = YES;
				CLANG_WARN_RANGE_LOOP_ANALYSIS = YES;
				CLANG_WARN_STRICT_PROTOTYPES = YES;
				CLANG_WARN_SUSPICIOUS_MOVE = YES;
				CLANG_WARN_UNGUARDED_AVAILABILITY = YES_AGGRESSIVE;
				CLANG_WARN_UNREACHABLE_CODE = YES;
				CLANG_WARN__DUPLICATE_METHOD_MATCH = YES;
				COPY_PHASE_STRIP = NO;
				DEBUG_INFORMATION_FORMAT = "dwarf-with-dsym";
				ENABLE_NS_ASSERTIONS = NO;
				ENABLE_STRICT_OBJC_MSGSEND = YES;
				GCC_C_LANGUAGE_STANDARD = gnu11;
				GCC_NO_COMMON_BLOCKS = YES;
				GCC_WARN_64_TO_32_BIT_CONVERSION = YES;
				GCC_WARN_ABOUT_RETURN_TYPE = YES_ERROR;
				GCC_WARN_UNDECLARED_SELECTOR = YES;
				GCC_WARN_UNINITIALIZED_AUTOS = YES_AGGRESSIVE;
				GCC_WARN_UNUSED_FUNCTION = YES;
				GCC_WARN_UNUSED_VARIABLE = YES;
				IPHONEOS_DEPLOYMENT_TARGET = 15.0;
				MTL_ENABLE_DEBUG_INFO = NO;
				MTL_FAST_MATH = YES;
				SDKROOT = iphoneos;
				SWIFT_COMPILATION_MODE = wholemodule;
				SWIFT_OPTIMIZATION_LEVEL = "-O";
				VALIDATE_PRODUCT = YES;
			};
			name = Release;
		};
		964D45BA29A7933D003D1A66 /* Debug */ = {
			isa = XCBuildConfiguration;
			buildSettings = {
				ASSETCATALOG_COMPILER_APPICON_NAME = AppIcon;
				ASSETCATALOG_COMPILER_GLOBAL_ACCENT_COLOR_NAME = AccentColor;
				CODE_SIGN_STYLE = Automatic;
				CURRENT_PROJECT_VERSION = 1;
				DEVELOPMENT_ASSET_PATHS = "\"memo/Preview Content\"";
				DEVELOPMENT_TEAM = 8T8Y35RF5Q;
				ENABLE_PREVIEWS = YES;
				GENERATE_INFOPLIST_FILE = YES;
				INFOPLIST_KEY_CFBundleDisplayName = memo;
				INFOPLIST_KEY_UIApplicationSceneManifest_Generation = YES;
				INFOPLIST_KEY_UIApplicationSupportsIndirectInputEvents = YES;
				INFOPLIST_KEY_UILaunchScreen_Generation = YES;
				INFOPLIST_KEY_UISupportedInterfaceOrientations_iPad = "UIInterfaceOrientationPortrait UIInterfaceOrientationPortraitUpsideDown UIInterfaceOrientationLandscapeLeft UIInterfaceOrientationLandscapeRight";
				INFOPLIST_KEY_UISupportedInterfaceOrientations_iPhone = "UIInterfaceOrientationPortrait UIInterfaceOrientationLandscapeLeft UIInterfaceOrientationLandscapeRight";
				IPHONEOS_DEPLOYMENT_TARGET = 15.0;
				LD_RUNPATH_SEARCH_PATHS = (
					"$(inherited)",
					"@executable_path/Frameworks",
				);
				MARKETING_VERSION = 1.0;
				PRODUCT_BUNDLE_IDENTIFIER = eeee.memo;
				PRODUCT_NAME = "$(TARGET_NAME)";
				SUPPORTED_PLATFORMS = "iphoneos iphonesimulator";
				SUPPORTS_MACCATALYST = NO;
				SUPPORTS_MAC_DESIGNED_FOR_IPHONE_IPAD = YES;
				SWIFT_EMIT_LOC_STRINGS = YES;
				SWIFT_VERSION = 5.0;
				TARGETED_DEVICE_FAMILY = "1,2";
			};
			name = Debug;
		};
		964D45BB29A7933D003D1A66 /* Release */ = {
			isa = XCBuildConfiguration;
			buildSettings = {
				ASSETCATALOG_COMPILER_APPICON_NAME = AppIcon;
				ASSETCATALOG_COMPILER_GLOBAL_ACCENT_COLOR_NAME = AccentColor;
				CODE_SIGN_STYLE = Automatic;
				CURRENT_PROJECT_VERSION = 1;
				DEVELOPMENT_ASSET_PATHS = "\"memo/Preview Content\"";
				DEVELOPMENT_TEAM = 8T8Y35RF5Q;
				ENABLE_PREVIEWS = YES;
				GENERATE_INFOPLIST_FILE = YES;
				INFOPLIST_KEY_CFBundleDisplayName = memo;
				INFOPLIST_KEY_UIApplicationSceneManifest_Generation = YES;
				INFOPLIST_KEY_UIApplicationSupportsIndirectInputEvents = YES;
				INFOPLIST_KEY_UILaunchScreen_Generation = YES;
				INFOPLIST_KEY_UISupportedInterfaceOrientations_iPad = "UIInterfaceOrientationPortrait UIInterfaceOrientationPortraitUpsideDown UIInterfaceOrientationLandscapeLeft UIInterfaceOrientationLandscapeRight";
				INFOPLIST_KEY_UISupportedInterfaceOrientations_iPhone = "UIInterfaceOrientationPortrait UIInterfaceOrientationLandscapeLeft UIInterfaceOrientationLandscapeRight";
				IPHONEOS_DEPLOYMENT_TARGET = 15.0;
				LD_RUNPATH_SEARCH_PATHS = (
					"$(inherited)",
					"@executable_path/Frameworks",
				);
				MARKETING_VERSION = 1.0;
				PRODUCT_BUNDLE_IDENTIFIER = eeee.memo;
				PRODUCT_NAME = "$(TARGET_NAME)";
				SUPPORTED_PLATFORMS = "iphoneos iphonesimulator";
				SUPPORTS_MACCATALYST = NO;
				SUPPORTS_MAC_DESIGNED_FOR_IPHONE_IPAD = YES;
				SWIFT_EMIT_LOC_STRINGS = YES;
				SWIFT_VERSION = 5.0;
				TARGETED_DEVICE_FAMILY = "1,2";
			};
			name = Release;
		};
/* End XCBuildConfiguration section */

/* Begin XCConfigurationList section */
		964D45A629A7933B003D1A66 /* Build configuration list for PBXProject "memo" */ = {
			isa = XCConfigurationList;
			buildConfigurations = (
				964D45B729A7933D003D1A66 /* Debug */,
				964D45B829A7933D003D1A66 /* Release */,
			);
			defaultConfigurationIsVisible = 0;
			defaultConfigurationName = Release;
		};
		964D45B929A7933D003D1A66 /* Build configuration list for PBXNativeTarget "memo" */ = {
			isa = XCConfigurationList;
			buildConfigurations = (
				964D45BA29A7933D003D1A66 /* Debug */,
				964D45BB29A7933D003D1A66 /* Release */,
			);
			defaultConfigurationIsVisible = 0;
			defaultConfigurationName = Release;
		};
/* End XCConfigurationList section */

/* Begin XCRemoteSwiftPackageReference section */
		964D45BE29A79927003D1A66 /* XCRemoteSwiftPackageReference "firebase-ios-sdk" */ = {
			isa = XCRemoteSwiftPackageReference;
			repositoryURL = "https://github.com/firebase/firebase-ios-sdk";
			requirement = {
				kind = upToNextMajorVersion;
				minimumVersion = 9.0.0;
			};
		};
/* End XCRemoteSwiftPackageReference section */

/* Begin XCSwiftPackageProductDependency section */
		964D45BF29A79927003D1A66 /* FirebaseFirestore */ = {
			isa = XCSwiftPackageProductDependency;
			package = 964D45BE29A79927003D1A66 /* XCRemoteSwiftPackageReference "firebase-ios-sdk" */;
			productName = FirebaseFirestore;
		};
		964D45C129A79927003D1A66 /* FirebaseFirestoreSwift */ = {
			isa = XCSwiftPackageProductDependency;
			package = 964D45BE29A79927003D1A66 /* XCRemoteSwiftPackageReference "firebase-ios-sdk" */;
			productName = FirebaseFirestoreSwift;
		};
/* End XCSwiftPackageProductDependency section */
	};
	rootObject = 964D45A329A7933B003D1A66 /* Project object */;
}
